
Microsoft Visual Studio Solution File, Format Version 12.00
# Visual Studio Version 17
VisualStudioVersion = 17.14.36212.18 d17.14
MinimumVisualStudioVersion = 10.0.40219.1
Project("{FAE04EC0-301F-11D3-BF4B-00C04F79EFBC}") = "DataBase_Task2", "DataBase_Task2.csproj", "{98005ED3-63EC-4E14-9D61-ED63F8486860}"
EndProject
Global
	GlobalSection(SolutionConfigurationPlatforms) = preSolution
		Debug|Any CPU = Debug|Any CPU
		Release|Any CPU = Release|Any CPU
	EndGlobalSection
	GlobalSection(ProjectConfigurationPlatforms) = postSolution
		{98005ED3-63EC-4E14-9D61-ED63F8486860}.Debug|Any CPU.ActiveCfg = Debug|Any CPU
		{98005ED3-63EC-4E14-9D61-ED63F8486860}.Debug|Any CPU.Build.0 = Debug|Any CPU
		{98005ED3-63EC-4E14-9D61-ED63F8486860}.Release|Any CPU.ActiveCfg = Release|Any CPU
		{98005ED3-63EC-4E14-9D61-ED63F8486860}.Release|Any CPU.Build.0 = Release|Any CPU
	EndGlobalSection
	GlobalSection(SolutionProperties) = preSolution
		HideSolutionNode = FALSE
	EndGlobalSection
	GlobalSection(ExtensibilityGlobals) = postSolution
		SolutionGuid = {0C012395-80AB-4E25-9D65-5ABBB0DD561D}
	EndGlobalSection
EndGlobal
